
Microsoft Visual Studio Solution File, Format Version 12.00
Project("{2150E333-8FDC-42A3-9474-1A3956D46DE8}") = "src", "src", "{1B582DE1-1F33-47D6-ACC7-F145EE3DA758}"
EndProject
Project("{2150E333-8FDC-42A3-9474-1A3956D46DE8}") = "test", "test", "{0642419B-8B11-4A0E-9DE3-3ACA8A4B6FAF}"
EndProject
Project("{FAE04EC0-301F-11D3-BF4B-00C04F79EFBC}") = "DataStructure", "DataStructure\DataStructure.csproj", "{7FA40832-DB33-41A4-89C1-E36F9F4D2C57}"
EndProject
Project("{FAE04EC0-301F-11D3-BF4B-00C04F79EFBC}") = "DataStructureTests", "DataStructureTests\DataStructureTests.csproj", "{ADCDB260-DC02-4B33-B954-24348B90D570}"
EndProject
Project("{FAE04EC0-301F-11D3-BF4B-00C04F79EFBC}") = "Algorithms", "Algorithms\Algorithms.csproj", "{CC4AC6CC-E02E-4F1E-8185-BAB913119E98}"
EndProject
Project("{FAE04EC0-301F-11D3-BF4B-00C04F79EFBC}") = "AlgorithmsTests", "AlgorithmsTests\AlgorithmsTests.csproj", "{07FC0956-15D2-4C47-90EE-13F26EC39D5C}"
EndProject
Project("{FAE04EC0-301F-11D3-BF4B-00C04F79EFBC}") = "LeetCode", "LeetCode\LeetCode.csproj", "{77A2B391-17C8-461E-9877-B2EFE12F47CD}"
EndProject
Project("{FAE04EC0-301F-11D3-BF4B-00C04F79EFBC}") = "LeetCodeTests", "LeetCodeTests\LeetCodeTests.csproj", "{1338438C-1E54-4F13-8210-6591DE408993}"
EndProject
Project("{FAE04EC0-301F-11D3-BF4B-00C04F79EFBC}") = "PlayGround", "PlayGround\PlayGround.csproj", "{B060AB2D-2C3A-43B4-BB52-CD6C74CC9EDD}"
EndProject
Project("{FAE04EC0-301F-11D3-BF4B-00C04F79EFBC}") = "DesignPatterns", "DesignPatterns\DesignPatterns.csproj", "{AF577FBA-A64E-4C10-AB57-0673F6D8093D}"
EndProject
Global
	GlobalSection(SolutionConfigurationPlatforms) = preSolution
		Debug|Any CPU = Debug|Any CPU
		Release|Any CPU = Release|Any CPU
	EndGlobalSection
	GlobalSection(NestedProjects) = preSolution
		{7FA40832-DB33-41A4-89C1-E36F9F4D2C57} = {1B582DE1-1F33-47D6-ACC7-F145EE3DA758}
		{ADCDB260-DC02-4B33-B954-24348B90D570} = {0642419B-8B11-4A0E-9DE3-3ACA8A4B6FAF}
		{CC4AC6CC-E02E-4F1E-8185-BAB913119E98} = {1B582DE1-1F33-47D6-ACC7-F145EE3DA758}
		{07FC0956-15D2-4C47-90EE-13F26EC39D5C} = {0642419B-8B11-4A0E-9DE3-3ACA8A4B6FAF}
		{77A2B391-17C8-461E-9877-B2EFE12F47CD} = {1B582DE1-1F33-47D6-ACC7-F145EE3DA758}
		{1338438C-1E54-4F13-8210-6591DE408993} = {0642419B-8B11-4A0E-9DE3-3ACA8A4B6FAF}
		{B060AB2D-2C3A-43B4-BB52-CD6C74CC9EDD} = {1B582DE1-1F33-47D6-ACC7-F145EE3DA758}
		{AF577FBA-A64E-4C10-AB57-0673F6D8093D} = {1B582DE1-1F33-47D6-ACC7-F145EE3DA758}
	EndGlobalSection
	GlobalSection(ProjectConfigurationPlatforms) = postSolution
		{7FA40832-DB33-41A4-89C1-E36F9F4D2C57}.Debug|Any CPU.ActiveCfg = Debug|Any CPU
		{7FA40832-DB33-41A4-89C1-E36F9F4D2C57}.Debug|Any CPU.Build.0 = Debug|Any CPU
		{7FA40832-DB33-41A4-89C1-E36F9F4D2C57}.Release|Any CPU.ActiveCfg = Release|Any CPU
		{7FA40832-DB33-41A4-89C1-E36F9F4D2C57}.Release|Any CPU.Build.0 = Release|Any CPU
		{ADCDB260-DC02-4B33-B954-24348B90D570}.Debug|Any CPU.ActiveCfg = Debug|Any CPU
		{ADCDB260-DC02-4B33-B954-24348B90D570}.Debug|Any CPU.Build.0 = Debug|Any CPU
		{ADCDB260-DC02-4B33-B954-24348B90D570}.Release|Any CPU.ActiveCfg = Release|Any CPU
		{ADCDB260-DC02-4B33-B954-24348B90D570}.Release|Any CPU.Build.0 = Release|Any CPU
		{CC4AC6CC-E02E-4F1E-8185-BAB913119E98}.Debug|Any CPU.ActiveCfg = Debug|Any CPU
		{CC4AC6CC-E02E-4F1E-8185-BAB913119E98}.Debug|Any CPU.Build.0 = Debug|Any CPU
		{CC4AC6CC-E02E-4F1E-8185-BAB913119E98}.Release|Any CPU.ActiveCfg = Release|Any CPU
		{CC4AC6CC-E02E-4F1E-8185-BAB913119E98}.Release|Any CPU.Build.0 = Release|Any CPU
		{07FC0956-15D2-4C47-90EE-13F26EC39D5C}.Debug|Any CPU.ActiveCfg = Debug|Any CPU
		{07FC0956-15D2-4C47-90EE-13F26EC39D5C}.Debug|Any CPU.Build.0 = Debug|Any CPU
		{07FC0956-15D2-4C47-90EE-13F26EC39D5C}.Release|Any CPU.ActiveCfg = Release|Any CPU
		{07FC0956-15D2-4C47-90EE-13F26EC39D5C}.Release|Any CPU.Build.0 = Release|Any CPU
		{77A2B391-17C8-461E-9877-B2EFE12F47CD}.Debug|Any CPU.ActiveCfg = Debug|Any CPU
		{77A2B391-17C8-461E-9877-B2EFE12F47CD}.Debug|Any CPU.Build.0 = Debug|Any CPU
		{77A2B391-17C8-461E-9877-B2EFE12F47CD}.Release|Any CPU.ActiveCfg = Release|Any CPU
		{77A2B391-17C8-461E-9877-B2EFE12F47CD}.Release|Any CPU.Build.0 = Release|Any CPU
		{1338438C-1E54-4F13-8210-6591DE408993}.Debug|Any CPU.ActiveCfg = Debug|Any CPU
		{1338438C-1E54-4F13-8210-6591DE408993}.Debug|Any CPU.Build.0 = Debug|Any CPU
		{1338438C-1E54-4F13-8210-6591DE408993}.Release|Any CPU.ActiveCfg = Release|Any CPU
		{1338438C-1E54-4F13-8210-6591DE408993}.Release|Any CPU.Build.0 = Release|Any CPU
		{B060AB2D-2C3A-43B4-BB52-CD6C74CC9EDD}.Debug|Any CPU.ActiveCfg = Debug|Any CPU
		{B060AB2D-2C3A-43B4-BB52-CD6C74CC9EDD}.Debug|Any CPU.Build.0 = Debug|Any CPU
		{B060AB2D-2C3A-43B4-BB52-CD6C74CC9EDD}.Release|Any CPU.ActiveCfg = Release|Any CPU
		{B060AB2D-2C3A-43B4-BB52-CD6C74CC9EDD}.Release|Any CPU.Build.0 = Release|Any CPU
		{AF577FBA-A64E-4C10-AB57-0673F6D8093D}.Debug|Any CPU.ActiveCfg = Debug|Any CPU
		{AF577FBA-A64E-4C10-AB57-0673F6D8093D}.Debug|Any CPU.Build.0 = Debug|Any CPU
		{AF577FBA-A64E-4C10-AB57-0673F6D8093D}.Release|Any CPU.ActiveCfg = Release|Any CPU
		{AF577FBA-A64E-4C10-AB57-0673F6D8093D}.Release|Any CPU.Build.0 = Release|Any CPU
	EndGlobalSection
EndGlobal
